// !$*UTF8*$!
{
	archiveVersion = 1;
	classes = {
	};
	objectVersion = 60;
	objects = {

/* Begin PBXBuildFile section */
		F0A000000000000000000101 /* main.swift in Sources */ = {isa = PBXBuildFile; fileRef = F0A000000000000000000201 /* main.swift */; };
		F0A000000000000000000102 /* Foray.icon in Resources */ = {isa = PBXBuildFile; fileRef = F0A000000000000000000202 /* Foray.icon */; };
		F0A000000000000000000103 /* ForayKit in Frameworks */ = {isa = PBXBuildFile; productRef = F0A000000000000000000901 /* ForayKit */; };
		F0A000000000000000000104 /* Foray.sdef in Resources */ = {isa = PBXBuildFile; fileRef = F0A000000000000000000206 /* Foray.sdef */; };
		F0A000000000000000000105 /* Intents.swift in Sources */ = {isa = PBXBuildFile; fileRef = F0A000000000000000000207 /* Intents.swift */; };
		F0A000000000000000000106 /* main.swift in Sources */ = {isa = PBXBuildFile; fileRef = F0A000000000000000000208 /* foray-cli/main.swift */; };
		F0A000000000000000000107 /* main.swift in Sources */ = {isa = PBXBuildFile; fileRef = F0A000000000000000000209 /* foray-helper/main.swift */; };
		F0A000000000000000000108 /* ForayCLIKit in Frameworks */ = {isa = PBXBuildFile; productRef = F0A000000000000000000902 /* ForayCLIKit */; };
		F0A000000000000000000109 /* ForayOperations in Frameworks */ = {isa = PBXBuildFile; productRef = F0A000000000000000000903 /* ForayOperations */; };
		F0A00000000000000000010A /* foray in Copy Helpers */ = {isa = PBXBuildFile; fileRef = F0A00000000000000000020B /* foray */; settings = {ATTRIBUTES = (CodeSignOnCopy, ); }; };
		F0A00000000000000000010B /* foray-helper in Copy Helpers */ = {isa = PBXBuildFile; fileRef = F0A00000000000000000020C /* foray-helper */; settings = {ATTRIBUTES = (CodeSignOnCopy, ); }; };
		F0A00000000000000000010C /* io.github.emkey1.Foray.helper.plist in Copy Launch Daemons */ = {isa = PBXBuildFile; fileRef = F0A00000000000000000020A /* io.github.emkey1.Foray.helper.plist */; };
/* End PBXBuildFile section */

/* Begin PBXContainerItemProxy section */
		F0A000000000000000000C01 /* PBXContainerItemProxy */ = {
			isa = PBXContainerItemProxy;
			containerPortal = F0A000000000000000000001 /* Project object */;
			proxyType = 1;
			remoteGlobalIDString = F0A000000000000000000502;
			remoteInfo = foray;
		};
		F0A000000000000000000C02 /* PBXContainerItemProxy */ = {
			isa = PBXContainerItemProxy;
			containerPortal = F0A000000000000000000001 /* Project object */;
			proxyType = 1;
			remoteGlobalIDString = F0A000000000000000000503;
			remoteInfo = "foray-helper";
		};
/* End PBXContainerItemProxy section */

/* Begin PBXCopyFilesBuildPhase section */
		F0A000000000000000000605 /* Copy Helpers */ = {
			isa = PBXCopyFilesBuildPhase;
			buildActionMask = 2147483647;
			dstPath = Contents/Helpers;
			dstSubfolderSpec = 1;
			files = (
				F0A00000000000000000010A /* foray in Copy Helpers */,
				F0A00000000000000000010B /* foray-helper in Copy Helpers */,
			);
			name = "Copy Helpers";
			runOnlyForDeploymentPostprocessing = 0;
		};
		F0A000000000000000000606 /* Copy Launch Daemons */ = {
			isa = PBXCopyFilesBuildPhase;
			buildActionMask = 2147483647;
			dstPath = Contents/Library/LaunchDaemons;
			dstSubfolderSpec = 1;
			files = (
				F0A00000000000000000010C /* io.github.emkey1.Foray.helper.plist in Copy Launch Daemons */,
			);
			name = "Copy Launch Daemons";
			runOnlyForDeploymentPostprocessing = 0;
		};
/* End PBXCopyFilesBuildPhase section */

/* Begin PBXFileReference section */
		F0A000000000000000000201 /* main.swift */ = {isa = PBXFileReference; lastKnownFileType = sourcecode.swift; name = main.swift; path = ../Sources/Foray/main.swift; sourceTree = SOURCE_ROOT; };
		F0A000000000000000000202 /* Foray.icon */ = {isa = PBXFileReference; lastKnownFileType = folder.iconcomposer.icon; name = Foray.icon; path = ../Resources/Foray.icon; sourceTree = SOURCE_ROOT; };
		F0A000000000000000000203 /* Info.plist */ = {isa = PBXFileReference; lastKnownFileType = text.plist.xml; name = Info.plist; path = ../Resources/Info.plist; sourceTree = SOURCE_ROOT; };
		F0A000000000000000000204 /* Foray.entitlements */ = {isa = PBXFileReference; lastKnownFileType = text.plist.entitlements; name = Foray.entitlements; path = ../Resources/Foray.entitlements; sourceTree = SOURCE_ROOT; };
		F0A000000000000000000205 /* Foray.app */ = {isa = PBXFileReference; explicitFileType = wrapper.application; includeInIndex = 0; path = Foray.app; sourceTree = BUILT_PRODUCTS_DIR; };
		F0A000000000000000000206 /* Foray.sdef */ = {isa = PBXFileReference; lastKnownFileType = text.xml; name = Foray.sdef; path = ../Resources/Foray.sdef; sourceTree = SOURCE_ROOT; };
		F0A000000000000000000207 /* Intents.swift */ = {isa = PBXFileReference; lastKnownFileType = sourcecode.swift; name = Intents.swift; path = ../Sources/Foray/Intents.swift; sourceTree = SOURCE_ROOT; };
		F0A000000000000000000208 /* foray-cli/main.swift */ = {isa = PBXFileReference; lastKnownFileType = sourcecode.swift; name = "foray-cli/main.swift"; path = "../Sources/foray-cli/main.swift"; sourceTree = SOURCE_ROOT; };
		F0A000000000000000000209 /* foray-helper/main.swift */ = {isa = PBXFileReference; lastKnownFileType = sourcecode.swift; name = "foray-helper/main.swift"; path = "../Sources/foray-helper/main.swift"; sourceTree = SOURCE_ROOT; };
		F0A00000000000000000020A /* io.github.emkey1.Foray.helper.plist */ = {isa = PBXFileReference; lastKnownFileType = text.plist.xml; name = io.github.emkey1.Foray.helper.plist; path = ../Resources/io.github.emkey1.Foray.helper.plist; sourceTree = SOURCE_ROOT; };
		F0A00000000000000000020B /* foray */ = {isa = PBXFileReference; explicitFileType = "compiled.mach-o.executable"; includeInIndex = 0; path = foray; sourceTree = BUILT_PRODUCTS_DIR; };
		F0A00000000000000000020C /* foray-helper */ = {isa = PBXFileReference; explicitFileType = "compiled.mach-o.executable"; includeInIndex = 0; path = "foray-helper"; sourceTree = BUILT_PRODUCTS_DIR; };
/* End PBXFileReference section */

/* Begin PBXFrameworksBuildPhase section */
		F0A000000000000000000301 /* Frameworks */ = {
			isa = PBXFrameworksBuildPhase;
			buildActionMask = 2147483647;
			files = (
				F0A000000000000000000103 /* ForayKit in Frameworks */,
			);
			runOnlyForDeploymentPostprocessing = 0;
		};
		F0A000000000000000000302 /* Frameworks */ = {
			isa = PBXFrameworksBuildPhase;
			buildActionMask = 2147483647;
			files = (
				F0A000000000000000000108 /* ForayCLIKit in Frameworks */,
			);
			runOnlyForDeploymentPostprocessing = 0;
		};
		F0A000000000000000000303 /* Frameworks */ = {
			isa = PBXFrameworksBuildPhase;
			buildActionMask = 2147483647;
			files = (
				F0A000000000000000000109 /* ForayOperations in Frameworks */,
			);
			runOnlyForDeploymentPostprocessing = 0;
		};
/* End PBXFrameworksBuildPhase section */

/* Begin PBXGroup section */
		F0A000000000000000000401 = {
			isa = PBXGroup;
			children = (
				F0A000000000000000000201 /* main.swift */,
				F0A000000000000000000207 /* Intents.swift */,
				F0A000000000000000000208 /* foray-cli/main.swift */,
				F0A000000000000000000209 /* foray-helper/main.swift */,
				F0A000000000000000000203 /* Info.plist */,
				F0A000000000000000000206 /* Foray.sdef */,
				F0A00000000000000000020A /* io.github.emkey1.Foray.helper.plist */,
				F0A000000000000000000204 /* Foray.entitlements */,
				F0A000000000000000000202 /* Foray.icon */,
				F0A000000000000000000402 /* Products */,
			);
			sourceTree = "<group>";
		};
		F0A000000000000000000402 /* Products */ = {
			isa = PBXGroup;
			children = (
				F0A000000000000000000205 /* Foray.app */,
				F0A00000000000000000020B /* foray */,
				F0A00000000000000000020C /* foray-helper */,
			);
			name = Products;
			sourceTree = "<group>";
		};
/* End PBXGroup section */

/* Begin PBXNativeTarget section */
		F0A000000000000000000501 /* ForayApp */ = {
			isa = PBXNativeTarget;
			buildConfigurationList = F0A000000000000000000802 /* Build configuration list for PBXNativeTarget "ForayApp" */;
			buildPhases = (
				F0A000000000000000000601 /* Sources */,
				F0A000000000000000000301 /* Frameworks */,
				F0A000000000000000000602 /* Resources */,
				F0A000000000000000000605 /* Copy Helpers */,
				F0A000000000000000000606 /* Copy Launch Daemons */,
			);
			buildRules = (
			);
			dependencies = (
				F0A000000000000000000B01 /* PBXTargetDependency */,
				F0A000000000000000000B02 /* PBXTargetDependency */,
			);
			name = ForayApp;
			packageProductDependencies = (
				F0A000000000000000000901 /* ForayKit */,
			);
			productName = Foray;
			productReference = F0A000000000000000000205 /* Foray.app */;
			productType = "com.apple.product-type.application";
		};
		F0A000000000000000000502 /* foray */ = {
			isa = PBXNativeTarget;
			buildConfigurationList = F0A000000000000000000803 /* Build configuration list for PBXNativeTarget "foray" */;
			buildPhases = (
				F0A000000000000000000603 /* Sources */,
				F0A000000000000000000302 /* Frameworks */,
			);
			buildRules = (
			);
			dependencies = (
			);
			name = "foray";
			packageProductDependencies = (
				F0A000000000000000000902 /* ForayCLIKit */,
			);
			productName = "foray";
			productReference = F0A00000000000000000020B /* foray */;
			productType = "com.apple.product-type.tool";
		};
		F0A000000000000000000503 /* foray-helper */ = {
			isa = PBXNativeTarget;
			buildConfigurationList = F0A000000000000000000804 /* Build configuration list for PBXNativeTarget "foray-helper" */;
			buildPhases = (
				F0A000000000000000000604 /* Sources */,
				F0A000000000000000000303 /* Frameworks */,
			);
			buildRules = (
			);
			dependencies = (
			);
			name = "foray-helper";
			packageProductDependencies = (
				F0A000000000000000000903 /* ForayOperations */,
			);
			productName = "foray-helper";
			productReference = F0A00000000000000000020C /* foray-helper */;
			productType = "com.apple.product-type.tool";
		};
/* End PBXNativeTarget section */

/* Begin PBXProject section */
		F0A000000000000000000001 /* Project object */ = {
			isa = PBXProject;
			attributes = {
				BuildIndependentTargetsInParallel = 1;
				LastSwiftUpdateCheck = 2700;
				LastUpgradeCheck = 2700;
				TargetAttributes = {
					F0A000000000000000000501 = {
						CreatedOnToolsVersion = 27.0;
					};
					F0A000000000000000000502 = {
						CreatedOnToolsVersion = 27.0;
					};
					F0A000000000000000000503 = {
						CreatedOnToolsVersion = 27.0;
					};
				};
			};
			buildConfigurationList = F0A000000000000000000801 /* Build configuration list for PBXProject "Foray" */;
			compatibilityVersion = "Xcode 15.0";
			developmentRegion = en;
			hasScannedForEncodings = 0;
			knownRegions = (
				en,
				Base,
			);
			mainGroup = F0A000000000000000000401;
			packageReferences = (
				F0A000000000000000000A01 /* XCLocalSwiftPackageReference ".." */,
			);
			productRefGroup = F0A000000000000000000402 /* Products */;
			projectDirPath = "";
			projectRoot = "";
			targets = (
				F0A000000000000000000501 /* ForayApp */,
				F0A000000000000000000502 /* foray */,
				F0A000000000000000000503 /* foray-helper */,
			);
		};
/* End PBXProject section */

/* Begin PBXResourcesBuildPhase section */
		F0A000000000000000000602 /* Resources */ = {
			isa = PBXResourcesBuildPhase;
			buildActionMask = 2147483647;
			files = (
				F0A000000000000000000102 /* Foray.icon in Resources */,
				F0A000000000000000000104 /* Foray.sdef in Resources */,
			);
			runOnlyForDeploymentPostprocessing = 0;
		};
/* End PBXResourcesBuildPhase section */

/* Begin PBXSourcesBuildPhase section */
		F0A000000000000000000601 /* Sources */ = {
			isa = PBXSourcesBuildPhase;
			buildActionMask = 2147483647;
			files = (
				F0A000000000000000000101 /* main.swift in Sources */,
				F0A000000000000000000105 /* Intents.swift in Sources */,
			);
			runOnlyForDeploymentPostprocessing = 0;
		};
		F0A000000000000000000603 /* Sources */ = {
			isa = PBXSourcesBuildPhase;
			buildActionMask = 2147483647;
			files = (
				F0A000000000000000000106 /* main.swift in Sources */,
			);
			runOnlyForDeploymentPostprocessing = 0;
		};
		F0A000000000000000000604 /* Sources */ = {
			isa = PBXSourcesBuildPhase;
			buildActionMask = 2147483647;
			files = (
				F0A000000000000000000107 /* main.swift in Sources */,
			);
			runOnlyForDeploymentPostprocessing = 0;
		};
/* End PBXSourcesBuildPhase section */

/* Begin PBXTargetDependency section */
		F0A000000000000000000B01 /* PBXTargetDependency */ = {
			isa = PBXTargetDependency;
			target = F0A000000000000000000502 /* foray */;
			targetProxy = F0A000000000000000000C01 /* PBXContainerItemProxy */;
		};
		F0A000000000000000000B02 /* PBXTargetDependency */ = {
			isa = PBXTargetDependency;
			target = F0A000000000000000000503 /* foray-helper */;
			targetProxy = F0A000000000000000000C02 /* PBXContainerItemProxy */;
		};
/* End PBXTargetDependency section */

/* Begin XCBuildConfiguration section */
		F0A000000000000000000701 /* Debug */ = {
			isa = XCBuildConfiguration;
			buildSettings = {
				ALWAYS_SEARCH_USER_PATHS = NO;
				CLANG_ENABLE_MODULES = YES;
				DEBUG_INFORMATION_FORMAT = dwarf;
				ENABLE_TESTABILITY = YES;
				MACOSX_DEPLOYMENT_TARGET = 26.0;
				ONLY_ACTIVE_ARCH = YES;
				SDKROOT = macosx;
				SWIFT_ACTIVE_COMPILATION_CONDITIONS = DEBUG;
				SWIFT_OPTIMIZATION_LEVEL = "-Onone";
				SWIFT_VERSION = 6.0;
			};
			name = Debug;
		};
		F0A000000000000000000702 /* Release */ = {
			isa = XCBuildConfiguration;
			buildSettings = {
				ALWAYS_SEARCH_USER_PATHS = NO;
				CLANG_ENABLE_MODULES = YES;
				DEBUG_INFORMATION_FORMAT = "dwarf-with-dsym";
				MACOSX_DEPLOYMENT_TARGET = 26.0;
				SDKROOT = macosx;
				SWIFT_COMPILATION_MODE = wholemodule;
				SWIFT_OPTIMIZATION_LEVEL = "-O";
				SWIFT_VERSION = 6.0;
			};
			name = Release;
		};
		F0A000000000000000000703 /* Debug */ = {
			isa = XCBuildConfiguration;
			buildSettings = {
				CODE_SIGN_ENTITLEMENTS = "$(SRCROOT)/../Resources/Foray.entitlements";
				CODE_SIGN_IDENTITY = "Apple Development";
				CODE_SIGN_STYLE = Automatic;
				COMBINE_HIDPI_IMAGES = YES;
				DEVELOPMENT_TEAM = UYU5FM4LQ4;
				ENABLE_HARDENED_RUNTIME = YES;
				GENERATE_INFOPLIST_FILE = NO;
				INFOPLIST_FILE = "$(SRCROOT)/../Resources/Info.plist";
				LD_RUNPATH_SEARCH_PATHS = "$(inherited) @executable_path/../Frameworks";
				ASSETCATALOG_COMPILER_APPICON_NAME = Foray;
				PRODUCT_BUNDLE_IDENTIFIER = io.github.emkey1.Foray;
				PRODUCT_NAME = Foray;
			};
			name = Debug;
		};
		F0A000000000000000000704 /* Release */ = {
			isa = XCBuildConfiguration;
			buildSettings = {
				CODE_SIGN_ENTITLEMENTS = "$(SRCROOT)/../Resources/Foray.entitlements";
				CODE_SIGN_IDENTITY = "Apple Development";
				CODE_SIGN_STYLE = Automatic;
				COMBINE_HIDPI_IMAGES = YES;
				DEVELOPMENT_TEAM = UYU5FM4LQ4;
				ENABLE_HARDENED_RUNTIME = YES;
				GENERATE_INFOPLIST_FILE = NO;
				INFOPLIST_FILE = "$(SRCROOT)/../Resources/Info.plist";
				LD_RUNPATH_SEARCH_PATHS = "$(inherited) @executable_path/../Frameworks";
				ASSETCATALOG_COMPILER_APPICON_NAME = Foray;
				PRODUCT_BUNDLE_IDENTIFIER = io.github.emkey1.Foray;
				PRODUCT_NAME = Foray;
			};
			name = Release;
		};
		F0A000000000000000000705 /* Debug */ = {
			isa = XCBuildConfiguration;
			buildSettings = {
				CODE_SIGN_IDENTITY = "Apple Development";
				CODE_SIGN_STYLE = Automatic;
				DEVELOPMENT_TEAM = UYU5FM4LQ4;
				CREATE_INFOPLIST_SECTION_IN_BINARY = YES;
				ENABLE_HARDENED_RUNTIME = YES;
				GENERATE_INFOPLIST_FILE = YES;
				PRODUCT_BUNDLE_IDENTIFIER = io.github.emkey1.Foray.cli;
				PRODUCT_NAME = "foray";
				SKIP_INSTALL = YES;
			};
			name = Debug;
		};
		F0A000000000000000000706 /* Release */ = {
			isa = XCBuildConfiguration;
			buildSettings = {
				CODE_SIGN_IDENTITY = "Apple Development";
				CODE_SIGN_STYLE = Automatic;
				DEVELOPMENT_TEAM = UYU5FM4LQ4;
				CREATE_INFOPLIST_SECTION_IN_BINARY = YES;
				ENABLE_HARDENED_RUNTIME = YES;
				GENERATE_INFOPLIST_FILE = YES;
				PRODUCT_BUNDLE_IDENTIFIER = io.github.emkey1.Foray.cli;
				PRODUCT_NAME = "foray";
				SKIP_INSTALL = YES;
			};
			name = Release;
		};
		F0A000000000000000000707 /* Debug */ = {
			isa = XCBuildConfiguration;
			buildSettings = {
				CODE_SIGN_IDENTITY = "Apple Development";
				CODE_SIGN_STYLE = Automatic;
				DEVELOPMENT_TEAM = UYU5FM4LQ4;
				CREATE_INFOPLIST_SECTION_IN_BINARY = YES;
				ENABLE_HARDENED_RUNTIME = YES;
				GENERATE_INFOPLIST_FILE = YES;
				PRODUCT_BUNDLE_IDENTIFIER = io.github.emkey1.Foray.helper;
				PRODUCT_NAME = "foray-helper";
				SKIP_INSTALL = YES;
			};
			name = Debug;
		};
		F0A000000000000000000708 /* Release */ = {
			isa = XCBuildConfiguration;
			buildSettings = {
				CODE_SIGN_IDENTITY = "Apple Development";
				CODE_SIGN_STYLE = Automatic;
				DEVELOPMENT_TEAM = UYU5FM4LQ4;
				CREATE_INFOPLIST_SECTION_IN_BINARY = YES;
				ENABLE_HARDENED_RUNTIME = YES;
				GENERATE_INFOPLIST_FILE = YES;
				PRODUCT_BUNDLE_IDENTIFIER = io.github.emkey1.Foray.helper;
				PRODUCT_NAME = "foray-helper";
				SKIP_INSTALL = YES;
			};
			name = Release;
		};
/* End XCBuildConfiguration section */

/* Begin XCConfigurationList section */
		F0A000000000000000000801 /* Build configuration list for PBXProject "Foray" */ = {
			isa = XCConfigurationList;
			buildConfigurations = (
				F0A000000000000000000701 /* Debug */,
				F0A000000000000000000702 /* Release */,
			);
			defaultConfigurationIsVisible = 0;
			defaultConfigurationName = Release;
		};
		F0A000000000000000000802 /* Build configuration list for PBXNativeTarget "ForayApp" */ = {
			isa = XCConfigurationList;
			buildConfigurations = (
				F0A000000000000000000703 /* Debug */,
				F0A000000000000000000704 /* Release */,
			);
			defaultConfigurationIsVisible = 0;
			defaultConfigurationName = Release;
		};
		F0A000000000000000000803 /* Build configuration list for PBXNativeTarget "foray" */ = {
			isa = XCConfigurationList;
			buildConfigurations = (
				F0A000000000000000000705 /* Debug */,
				F0A000000000000000000706 /* Release */,
			);
			defaultConfigurationIsVisible = 0;
			defaultConfigurationName = Release;
		};
		F0A000000000000000000804 /* Build configuration list for PBXNativeTarget "foray-helper" */ = {
			isa = XCConfigurationList;
			buildConfigurations = (
				F0A000000000000000000707 /* Debug */,
				F0A000000000000000000708 /* Release */,
			);
			defaultConfigurationIsVisible = 0;
			defaultConfigurationName = Release;
		};
/* End XCConfigurationList section */

/* Begin XCLocalSwiftPackageReference section */
		F0A000000000000000000A01 /* XCLocalSwiftPackageReference ".." */ = {
			isa = XCLocalSwiftPackageReference;
			relativePath = ..;
		};
/* End XCLocalSwiftPackageReference section */

/* Begin XCSwiftPackageProductDependency section */
		F0A000000000000000000901 /* ForayKit */ = {
			isa = XCSwiftPackageProductDependency;
			package = F0A000000000000000000A01 /* XCLocalSwiftPackageReference ".." */;
			productName = ForayKit;
		};
		F0A000000000000000000902 /* ForayCLIKit */ = {
			isa = XCSwiftPackageProductDependency;
			package = F0A000000000000000000A01 /* XCLocalSwiftPackageReference ".." */;
			productName = ForayCLIKit;
		};
		F0A000000000000000000903 /* ForayOperations */ = {
			isa = XCSwiftPackageProductDependency;
			package = F0A000000000000000000A01 /* XCLocalSwiftPackageReference ".." */;
			productName = ForayOperations;
		};
/* End XCSwiftPackageProductDependency section */
	};
	rootObject = F0A000000000000000000001 /* Project object */;
}
